// !$*UTF8*$!
{
	archiveVersion = 1;
	classes = {
	};
	objectVersion = 50;
	objects = {

/* Begin PBXBuildFile section */
		C638C6E625BC11710063E478 /* landmarkData.json in Resources */ = {isa = PBXBuildFile; fileRef = C638C6E525BC11710063E478 /* landmarkData.json */; };
		C638C6ED25BC11A00063E478 /* Landmark.swift in Sources */ = {isa = PBXBuildFile; fileRef = C638C6EC25BC11A00063E478 /* Landmark.swift */; };
		C638C6F025BC12E00063E478 /* ModelData.swift in Sources */ = {isa = PBXBuildFile; fileRef = C638C6EF25BC12E00063E478 /* ModelData.swift */; };
		C638C6F625BC14490063E478 /* LandmarkRow.swift in Sources */ = {isa = PBXBuildFile; fileRef = C638C6F525BC14490063E478 /* LandmarkRow.swift */; };
		C638C6F925BC15F90063E478 /* LandmarkList.swift in Sources */ = {isa = PBXBuildFile; fileRef = C638C6F825BC15F90063E478 /* LandmarkList.swift */; };
		C638C6FC25BC17070063E478 /* LandmarkDetail.swift in Sources */ = {isa = PBXBuildFile; fileRef = C638C6FB25BC17070063E478 /* LandmarkDetail.swift */; };
		C638C6FF25BC23240063E478 /* FavoriteButton.swift in Sources */ = {isa = PBXBuildFile; fileRef = C638C6FE25BC23240063E478 /* FavoriteButton.swift */; };
		C6AA134125BB55CC00389B54 /* LandmarksApp.swift in Sources */ = {isa = PBXBuildFile; fileRef = C6AA134025BB55CC00389B54 /* LandmarksApp.swift */; };
		C6AA134325BB55CC00389B54 /* ContentView.swift in Sources */ = {isa = PBXBuildFile; fileRef = C6AA134225BB55CC00389B54 /* ContentView.swift */; };
		C6AA134525BB55CD00389B54 /* Assets.xcassets in Resources */ = {isa = PBXBuildFile; fileRef = C6AA134425BB55CD00389B54 /* Assets.xcassets */; };
		C6AA134825BB55CD00389B54 /* Preview Assets.xcassets in Resources */ = {isa = PBXBuildFile; fileRef = C6AA134725BB55CD00389B54 /* Preview Assets.xcassets */; };
		C6AA135525BB583D00389B54 /* CircleImage.swift in Sources */ = {isa = PBXBuildFile; fileRef = C6AA135425BB583D00389B54 /* CircleImage.swift */; };
		C6AA135825BB591600389B54 /* MapView.swift in Sources */ = {isa = PBXBuildFile; fileRef = C6AA135725BB591600389B54 /* MapView.swift */; };
		C6D2CD2625BD7E690071E770 /* HexagonParameters.swift in Sources */ = {isa = PBXBuildFile; fileRef = C6D2CD2525BD7E690071E770 /* HexagonParameters.swift */; };
		C6D2CD2925BD7FC30071E770 /* BadgeBackground.swift in Sources */ = {isa = PBXBuildFile; fileRef = C6D2CD2825BD7FC30071E770 /* BadgeBackground.swift */; };
		C6D2CD2C25BD983E0071E770 /* BadgeSymbol.swift in Sources */ = {isa = PBXBuildFile; fileRef = C6D2CD2B25BD983E0071E770 /* BadgeSymbol.swift */; };
		C6D2CD2F25BD99E30071E770 /* RotatedBadgeSymbol.swift in Sources */ = {isa = PBXBuildFile; fileRef = C6D2CD2E25BD99E30071E770 /* RotatedBadgeSymbol.swift */; };
		C6D2CD3225BD9A340071E770 /* Badge.swift in Sources */ = {isa = PBXBuildFile; fileRef = C6D2CD3125BD9A340071E770 /* Badge.swift */; };
		C6D2CD3725BD9D980071E770 /* hikeData.json in Resources */ = {isa = PBXBuildFile; fileRef = C6D2CD3625BD9D980071E770 /* hikeData.json */; };
		C6D2CD3A25BD9DA90071E770 /* Hike.swift in Sources */ = {isa = PBXBuildFile; fileRef = C6D2CD3925BD9DA90071E770 /* Hike.swift */; };
		C6D2CD4925BD9ED70071E770 /* GraphCapsule.swift in Sources */ = {isa = PBXBuildFile; fileRef = C6D2CD4525BD9ED70071E770 /* GraphCapsule.swift */; };
		C6D2CD4A25BD9ED70071E770 /* HikeGraph.swift in Sources */ = {isa = PBXBuildFile; fileRef = C6D2CD4625BD9ED70071E770 /* HikeGraph.swift */; };
		C6D2CD4B25BD9ED70071E770 /* HikeDetail.swift in Sources */ = {isa = PBXBuildFile; fileRef = C6D2CD4725BD9ED70071E770 /* HikeDetail.swift */; };
		C6D2CD4C25BD9ED70071E770 /* HikeView.swift in Sources */ = {isa = PBXBuildFile; fileRef = C6D2CD4825BD9ED70071E770 /* HikeView.swift */; };
		C6D2CD5025BDA88A0071E770 /* CategoryHome.swift in Sources */ = {isa = PBXBuildFile; fileRef = C6D2CD4F25BDA88A0071E770 /* CategoryHome.swift */; };
		C6D2CD5425BDAB250071E770 /* CategoryRow.swift in Sources */ = {isa = PBXBuildFile; fileRef = C6D2CD5325BDAB250071E770 /* CategoryRow.swift */; };
		C6D2CD5725BDAC430071E770 /* CategoryItem.swift in Sources */ = {isa = PBXBuildFile; fileRef = C6D2CD5625BDAC430071E770 /* CategoryItem.swift */; };
/* End PBXBuildFile section */

/* Begin PBXFileReference section */
		C638C6E525BC11710063E478 /* landmarkData.json */ = {isa = PBXFileReference; fileEncoding = 4; lastKnownFileType = text.json; path = landmarkData.json; sourceTree = "<group>"; };
		C638C6EC25BC11A00063E478 /* Landmark.swift */ = {isa = PBXFileReference; lastKnownFileType = sourcecode.swift; path = Landmark.swift; sourceTree = "<group>"; };
		C638C6EF25BC12E00063E478 /* ModelData.swift */ = {isa = PBXFileReference; lastKnownFileType = sourcecode.swift; path = ModelData.swift; sourceTree = "<group>"; };
		C638C6F525BC14490063E478 /* LandmarkRow.swift */ = {isa = PBXFileReference; lastKnownFileType = sourcecode.swift; path = LandmarkRow.swift; sourceTree = "<group>"; };
		C638C6F825BC15F90063E478 /* LandmarkList.swift */ = {isa = PBXFileReference; lastKnownFileType = sourcecode.swift; path = LandmarkList.swift; sourceTree = "<group>"; };
		C638C6FB25BC17070063E478 /* LandmarkDetail.swift */ = {isa = PBXFileReference; lastKnownFileType = sourcecode.swift; path = LandmarkDetail.swift; sourceTree = "<group>"; };
		C638C6FE25BC23240063E478 /* FavoriteButton.swift */ = {isa = PBXFileReference; lastKnownFileType = sourcecode.swift; path = FavoriteButton.swift; sourceTree = "<group>"; };
		C6AA133D25BB55CC00389B54 /* Landmarks.app */ = {isa = PBXFileReference; explicitFileType = wrapper.application; includeInIndex = 0; path = Landmarks.app; sourceTree = BUILT_PRODUCTS_DIR; };
		C6AA134025BB55CC00389B54 /* LandmarksApp.swift */ = {isa = PBXFileReference; lastKnownFileType = sourcecode.swift; path = LandmarksApp.swift; sourceTree = "<group>"; };
		C6AA134225BB55CC00389B54 /* ContentView.swift */ = {isa = PBXFileReference; lastKnownFileType = sourcecode.swift; path = ContentView.swift; sourceTree = "<group>"; };
		C6AA134425BB55CD00389B54 /* Assets.xcassets */ = {isa = PBXFileReference; lastKnownFileType = folder.assetcatalog; path = Assets.xcassets; sourceTree = "<group>"; };
		C6AA134725BB55CD00389B54 /* Preview Assets.xcassets */ = {isa = PBXFileReference; lastKnownFileType = folder.assetcatalog; path = "Preview Assets.xcassets"; sourceTree = "<group>"; };
		C6AA134925BB55CD00389B54 /* Info.plist */ = {isa = PBXFileReference; lastKnownFileType = text.plist.xml; path = Info.plist; sourceTree = "<group>"; };
		C6AA135425BB583D00389B54 /* CircleImage.swift */ = {isa = PBXFileReference; lastKnownFileType = sourcecode.swift; path = CircleImage.swift; sourceTree = "<group>"; };
		C6AA135725BB591600389B54 /* MapView.swift */ = {isa = PBXFileReference; lastKnownFileType = sourcecode.swift; path = MapView.swift; sourceTree = "<group>"; };
		C6D2CD2525BD7E690071E770 /* HexagonParameters.swift */ = {isa = PBXFileReference; lastKnownFileType = sourcecode.swift; path = HexagonParameters.swift; sourceTree = "<group>"; };
		C6D2CD2825BD7FC30071E770 /* BadgeBackground.swift */ = {isa = PBXFileReference; lastKnownFileType = sourcecode.swift; path = BadgeBackground.swift; sourceTree = "<group>"; };
		C6D2CD2B25BD983E0071E770 /* BadgeSymbol.swift */ = {isa = PBXFileReference; lastKnownFileType = sourcecode.swift; path = BadgeSymbol.swift; sourceTree = "<group>"; };
		C6D2CD2E25BD99E30071E770 /* RotatedBadgeSymbol.swift */ = {isa = PBXFileReference; lastKnownFileType = sourcecode.swift; path = RotatedBadgeSymbol.swift; sourceTree = "<group>"; };
		C6D2CD3125BD9A340071E770 /* Badge.swift */ = {isa = PBXFileReference; lastKnownFileType = sourcecode.swift; path = Badge.swift; sourceTree = "<group>"; };
		C6D2CD3625BD9D980071E770 /* hikeData.json */ = {isa = PBXFileReference; fileEncoding = 4; lastKnownFileType = text.json; path = hikeData.json; sourceTree = "<group>"; };
		C6D2CD3925BD9DA90071E770 /* Hike.swift */ = {isa = PBXFileReference; lastKnownFileType = sourcecode.swift; path = Hike.swift; sourceTree = "<group>"; };
		C6D2CD4525BD9ED70071E770 /* GraphCapsule.swift */ = {isa = PBXFileReference; fileEncoding = 4; lastKnownFileType = sourcecode.swift; path = GraphCapsule.swift; sourceTree = "<group>"; };
		C6D2CD4625BD9ED70071E770 /* HikeGraph.swift */ = {isa = PBXFileReference; fileEncoding = 4; lastKnownFileType = sourcecode.swift; path = HikeGraph.swift; sourceTree = "<group>"; };
		C6D2CD4725BD9ED70071E770 /* HikeDetail.swift */ = {isa = PBXFileReference; fileEncoding = 4; lastKnownFileType = sourcecode.swift; path = HikeDetail.swift; sourceTree = "<group>"; };
		C6D2CD4825BD9ED70071E770 /* HikeView.swift */ = {isa = PBXFileReference; fileEncoding = 4; lastKnownFileType = sourcecode.swift; path = HikeView.swift; sourceTree = "<group>"; };
		C6D2CD4F25BDA88A0071E770 /* CategoryHome.swift */ = {isa = PBXFileReference; lastKnownFileType = sourcecode.swift; path = CategoryHome.swift; sourceTree = "<group>"; };
		C6D2CD5325BDAB250071E770 /* CategoryRow.swift */ = {isa = PBXFileReference; lastKnownFileType = sourcecode.swift; path = CategoryRow.swift; sourceTree = "<group>"; };
		C6D2CD5625BDAC430071E770 /* CategoryItem.swift */ = {isa = PBXFileReference; lastKnownFileType = sourcecode.swift; path = CategoryItem.swift; sourceTree = "<group>"; };
/* End PBXFileReference section */

/* Begin PBXFrameworksBuildPhase section */
		C6AA133A25BB55CC00389B54 /* Frameworks */ = {
			isa = PBXFrameworksBuildPhase;
			buildActionMask = 2147483647;
			files = (
			);
			runOnlyForDeploymentPostprocessing = 0;
		};
/* End PBXFrameworksBuildPhase section */

/* Begin PBXGroup section */
		C638C6F225BC13D80063E478 /* Views */ = {
			isa = PBXGroup;
			children = (
				C6D2CD4E25BDA87E0071E770 /* Categories */,
				C6AA134225BB55CC00389B54 /* ContentView.swift */,
				C6D2CD4425BD9ED70071E770 /* Hikes */,
				C6D2CD3425BD9BDA0071E770 /* Badges */,
				C638C70325BC23A00063E478 /* Helpers */,
				C638C70125BC23920063E478 /* Landmarks */,
			);
			path = Views;
			sourceTree = "<group>";
		};
		C638C6F325BC13DF0063E478 /* Models */ = {
			isa = PBXGroup;
			children = (
				C638C6EF25BC12E00063E478 /* ModelData.swift */,
				C638C6EC25BC11A00063E478 /* Landmark.swift */,
				C6D2CD3925BD9DA90071E770 /* Hike.swift */,
			);
			path = Models;
			sourceTree = "<group>";
		};
		C638C6F425BC13E40063E478 /* Resources */ = {
			isa = PBXGroup;
			children = (
				C638C6E525BC11710063E478 /* landmarkData.json */,
				C6D2CD3625BD9D980071E770 /* hikeData.json */,
			);
			path = Resources;
			sourceTree = "<group>";
		};
		C638C70125BC23920063E478 /* Landmarks */ = {
			isa = PBXGroup;
			children = (
				C638C6FB25BC17070063E478 /* LandmarkDetail.swift */,
				C638C6F825BC15F90063E478 /* LandmarkList.swift */,
				C638C6F525BC14490063E478 /* LandmarkRow.swift */,
			);
			path = Landmarks;
			sourceTree = "<group>";
		};
		C638C70325BC23A00063E478 /* Helpers */ = {
			isa = PBXGroup;
			children = (
				C6AA135425BB583D00389B54 /* CircleImage.swift */,
				C638C6FE25BC23240063E478 /* FavoriteButton.swift */,
				C6AA135725BB591600389B54 /* MapView.swift */,
			);
			path = Helpers;
			sourceTree = "<group>";
		};
		C6AA133425BB55CC00389B54 = {
			isa = PBXGroup;
			children = (
				C6AA133F25BB55CC00389B54 /* Landmarks */,
				C6AA133E25BB55CC00389B54 /* Products */,
			);
			sourceTree = "<group>";
		};
		C6AA133E25BB55CC00389B54 /* Products */ = {
			isa = PBXGroup;
			children = (
				C6AA133D25BB55CC00389B54 /* Landmarks.app */,
			);
			name = Products;
			sourceTree = "<group>";
		};
		C6AA133F25BB55CC00389B54 /* Landmarks */ = {
			isa = PBXGroup;
			children = (
				C638C6F425BC13E40063E478 /* Resources */,
				C638C6F325BC13DF0063E478 /* Models */,
				C638C6F225BC13D80063E478 /* Views */,
				C6AA134025BB55CC00389B54 /* LandmarksApp.swift */,
				C6AA134425BB55CD00389B54 /* Assets.xcassets */,
				C6AA134925BB55CD00389B54 /* Info.plist */,
				C6AA134625BB55CD00389B54 /* Preview Content */,
			);
			path = Landmarks;
			sourceTree = "<group>";
		};
		C6AA134625BB55CD00389B54 /* Preview Content */ = {
			isa = PBXGroup;
			children = (
				C6AA134725BB55CD00389B54 /* Preview Assets.xcassets */,
			);
			path = "Preview Content";
			sourceTree = "<group>";
		};
		C6D2CD3425BD9BDA0071E770 /* Badges */ = {
			isa = PBXGroup;
			children = (
				C6D2CD3125BD9A340071E770 /* Badge.swift */,
				C6D2CD2825BD7FC30071E770 /* BadgeBackground.swift */,
				C6D2CD2B25BD983E0071E770 /* BadgeSymbol.swift */,
				C6D2CD2525BD7E690071E770 /* HexagonParameters.swift */,
				C6D2CD2E25BD99E30071E770 /* RotatedBadgeSymbol.swift */,
			);
			path = Badges;
			sourceTree = "<group>";
		};
		C6D2CD4425BD9ED70071E770 /* Hikes */ = {
			isa = PBXGroup;
			children = (
				C6D2CD4525BD9ED70071E770 /* GraphCapsule.swift */,
				C6D2CD4625BD9ED70071E770 /* HikeGraph.swift */,
				C6D2CD4725BD9ED70071E770 /* HikeDetail.swift */,
				C6D2CD4825BD9ED70071E770 /* HikeView.swift */,
			);
			name = Hikes;
			path = ../../../../../Downloads/AnimatingViewsAndTransitions/Resources/Hikes;
			sourceTree = "<group>";
		};
		C6D2CD4E25BDA87E0071E770 /* Categories */ = {
			isa = PBXGroup;
			children = (
				C6D2CD4F25BDA88A0071E770 /* CategoryHome.swift */,
				C6D2CD5325BDAB250071E770 /* CategoryRow.swift */,
				C6D2CD5625BDAC430071E770 /* CategoryItem.swift */,
			);
			path = Categories;
			sourceTree = "<group>";
		};
/* End PBXGroup section */

/* Begin PBXNativeTarget section */
		C6AA133C25BB55CC00389B54 /* Landmarks */ = {
			isa = PBXNativeTarget;
			buildConfigurationList = C6AA134C25BB55CD00389B54 /* Build configuration list for PBXNativeTarget "Landmarks" */;
			buildPhases = (
				C6AA133925BB55CC00389B54 /* Sources */,
				C6AA133A25BB55CC00389B54 /* Frameworks */,
				C6AA133B25BB55CC00389B54 /* Resources */,
			);
			buildRules = (
			);
			dependencies = (
			);
			name = Landmarks;
			productName = Landmarks;
			productReference = C6AA133D25BB55CC00389B54 /* Landmarks.app */;
			productType = "com.apple.product-type.application";
		};
/* End PBXNativeTarget section */

/* Begin PBXProject section */
		C6AA133525BB55CC00389B54 /* Project object */ = {
			isa = PBXProject;
			attributes = {
				LastSwiftUpdateCheck = 1230;
				LastUpgradeCheck = 1230;
				TargetAttributes = {
					C6AA133C25BB55CC00389B54 = {
						CreatedOnToolsVersion = 12.3;
					};
				};
			};
			buildConfigurationList = C6AA133825BB55CC00389B54 /* Build configuration list for PBXProject "Landmarks" */;
			compatibilityVersion = "Xcode 9.3";
			developmentRegion = en;
			hasScannedForEncodings = 0;
			knownRegions = (
				en,
				Base,
			);
			mainGroup = C6AA133425BB55CC00389B54;
			productRefGroup = C6AA133E25BB55CC00389B54 /* Products */;
			projectDirPath = "";
			projectRoot = "";
			targets = (
				C6AA133C25BB55CC00389B54 /* Landmarks */,
			);
		};
/* End PBXProject section */

/* Begin PBXResourcesBuildPhase section */
		C6AA133B25BB55CC00389B54 /* Resources */ = {
			isa = PBXResourcesBuildPhase;
			buildActionMask = 2147483647;
			files = (
				C6D2CD3725BD9D980071E770 /* hikeData.json in Resources */,
				C6AA134825BB55CD00389B54 /* Preview Assets.xcassets in Resources */,
				C6AA134525BB55CD00389B54 /* Assets.xcassets in Resources */,
				C638C6E625BC11710063E478 /* landmarkData.json in Resources */,
			);
			runOnlyForDeploymentPostprocessing = 0;
		};
/* End PBXResourcesBuildPhase section */

/* Begin PBXSourcesBuildPhase section */
		C6AA133925BB55CC00389B54 /* Sources */ = {
			isa = PBXSourcesBuildPhase;
			buildActionMask = 2147483647;
			files = (
				C6D2CD5425BDAB250071E770 /* CategoryRow.swift in Sources */,
				C6AA134325BB55CC00389B54 /* ContentView.swift in Sources */,
				C6D2CD4A25BD9ED70071E770 /* HikeGraph.swift in Sources */,
				C6D2CD3225BD9A340071E770 /* Badge.swift in Sources */,
				C6AA135825BB591600389B54 /* MapView.swift in Sources */,
				C6D2CD4925BD9ED70071E770 /* GraphCapsule.swift in Sources */,
				C6AA134125BB55CC00389B54 /* LandmarksApp.swift in Sources */,
				C638C6FF25BC23240063E478 /* FavoriteButton.swift in Sources */,
				C6D2CD4B25BD9ED70071E770 /* HikeDetail.swift in Sources */,
				C6D2CD5725BDAC430071E770 /* CategoryItem.swift in Sources */,
				C6D2CD2625BD7E690071E770 /* HexagonParameters.swift in Sources */,
				C6D2CD5025BDA88A0071E770 /* CategoryHome.swift in Sources */,
				C6D2CD3A25BD9DA90071E770 /* Hike.swift in Sources */,
				C6D2CD2F25BD99E30071E770 /* RotatedBadgeSymbol.swift in Sources */,
				C6D2CD2C25BD983E0071E770 /* BadgeSymbol.swift in Sources */,
				C638C6F925BC15F90063E478 /* LandmarkList.swift in Sources */,
				C6D2CD4C25BD9ED70071E770 /* HikeView.swift in Sources */,
				C638C6FC25BC17070063E478 /* LandmarkDetail.swift in Sources */,
				C6D2CD2925BD7FC30071E770 /* BadgeBackground.swift in Sources */,
				C6AA135525BB583D00389B54 /* CircleImage.swift in Sources */,
				C638C6ED25BC11A00063E478 /* Landmark.swift in Sources */,
				C638C6F625BC14490063E478 /* LandmarkRow.swift in Sources */,
				C638C6F025BC12E00063E478 /* ModelData.swift in Sources */,
			);
			runOnlyForDeploymentPostprocessing = 0;
		};
/* End PBXSourcesBuildPhase section */

/* Begin XCBuildConfiguration section */
		C6AA134A25BB55CD00389B54 /* Debug */ = {
			isa = XCBuildConfiguration;
			buildSettings = {
				ALWAYS_SEARCH_USER_PATHS = NO;
				CLANG_ANALYZER_NONNULL = YES;
				CLANG_ANALYZER_NUMBER_OBJECT_CONVERSION = YES_AGGRESSIVE;
				CLANG_CXX_LANGUAGE_STANDARD = "gnu++14";
				CLANG_CXX_LIBRARY = "libc++";
				CLANG_ENABLE_MODULES = YES;
				CLANG_ENABLE_OBJC_ARC = YES;
				CLANG_ENABLE_OBJC_WEAK = YES;
				CLANG_WARN_BLOCK_CAPTURE_AUTORELEASING = YES;
				CLANG_WARN_BOOL_CONVERSION = YES;
				CLANG_WARN_COMMA = YES;
				CLANG_WARN_CONSTANT_CONVERSION = YES;
				CLANG_WARN_DEPRECATED_OBJC_IMPLEMENTATIONS = YES;
				CLANG_WARN_DIRECT_OBJC_ISA_USAGE = YES_ERROR;
				CLANG_WARN_DOCUMENTATION_COMMENTS = YES;
				CLANG_WARN_EMPTY_BODY = YES;
				CLANG_WARN_ENUM_CONVERSION = YES;
				CLANG_WARN_INFINITE_RECURSION = YES;
				CLANG_WARN_INT_CONVERSION = YES;
				CLANG_WARN_NON_LITERAL_NULL_CONVERSION = YES;
				CLANG_WARN_OBJC_IMPLICIT_RETAIN_SELF = YES;
				CLANG_WARN_OBJC_LITERAL_CONVERSION = YES;
				CLANG_WARN_OBJC_ROOT_CLASS = YES_ERROR;
				CLANG_WARN_QUOTED_INCLUDE_IN_FRAMEWORK_HEADER = YES;
				CLANG_WARN_RANGE_LOOP_ANALYSIS = YES;
				CLANG_WARN_STRICT_PROTOTYPES = YES;
				CLANG_WARN_SUSPICIOUS_MOVE = YES;
				CLANG_WARN_UNGUARDED_AVAILABILITY = YES_AGGRESSIVE;
				CLANG_WARN_UNREACHABLE_CODE = YES;
				CLANG_WARN__DUPLICATE_METHOD_MATCH = YES;
				COPY_PHASE_STRIP = NO;
				DEBUG_INFORMATION_FORMAT = dwarf;
				ENABLE_STRICT_OBJC_MSGSEND = YES;
				ENABLE_TESTABILITY = YES;
				GCC_C_LANGUAGE_STANDARD = gnu11;
				GCC_DYNAMIC_NO_PIC = NO;
				GCC_NO_COMMON_BLOCKS = YES;
				GCC_OPTIMIZATION_LEVEL = 0;
				GCC_PREPROCESSOR_DEFINITIONS = (
					"DEBUG=1",
					"$(inherited)",
				);
				GCC_WARN_64_TO_32_BIT_CONVERSION = YES;
				GCC_WARN_ABOUT_RETURN_TYPE = YES_ERROR;
				GCC_WARN_UNDECLARED_SELECTOR = YES;
				GCC_WARN_UNINITIALIZED_AUTOS = YES_AGGRESSIVE;
				GCC_WARN_UNUSED_FUNCTION = YES;
				GCC_WARN_UNUSED_VARIABLE = YES;
				IPHONEOS_DEPLOYMENT_TARGET = 14.3;
				MTL_ENABLE_DEBUG_INFO = INCLUDE_SOURCE;
				MTL_FAST_MATH = YES;
				ONLY_ACTIVE_ARCH = YES;
				SDKROOT = iphoneos;
				SWIFT_ACTIVE_COMPILATION_CONDITIONS = DEBUG;
				SWIFT_OPTIMIZATION_LEVEL = "-Onone";
			};
			name = Debug;
		};
		C6AA134B25BB55CD00389B54 /* Release */ = {
			isa = XCBuildConfiguration;
			buildSettings = {
				ALWAYS_SEARCH_USER_PATHS = NO;
				CLANG_ANALYZER_NONNULL = YES;
				CLANG_ANALYZER_NUMBER_OBJECT_CONVERSION = YES_AGGRESSIVE;
				CLANG_CXX_LANGUAGE_STANDARD = "gnu++14";
				CLANG_CXX_LIBRARY = "libc++";
				CLANG_ENABLE_MODULES = YES;
				CLANG_ENABLE_OBJC_ARC = YES;
				CLANG_ENABLE_OBJC_WEAK = YES;
				CLANG_WARN_BLOCK_CAPTURE_AUTORELEASING = YES;
				CLANG_WARN_BOOL_CONVERSION = YES;
				CLANG_WARN_COMMA = YES;
				CLANG_WARN_CONSTANT_CONVERSION = YES;
				CLANG_WARN_DEPRECATED_OBJC_IMPLEMENTATIONS = YES;
				CLANG_WARN_DIRECT_OBJC_ISA_USAGE = YES_ERROR;
				CLANG_WARN_DOCUMENTATION_COMMENTS = YES;
				CLANG_WARN_EMPTY_BODY = YES;
				CLANG_WARN_ENUM_CONVERSION = YES;
				CLANG_WARN_INFINITE_RECURSION = YES;
				CLANG_WARN_INT_CONVERSION = YES;
				CLANG_WARN_NON_LITERAL_NULL_CONVERSION = YES;
				CLANG_WARN_OBJC_IMPLICIT_RETAIN_SELF = YES;
				CLANG_WARN_OBJC_LITERAL_CONVERSION = YES;
				CLANG_WARN_OBJC_ROOT_CLASS = YES_ERROR;
				CLANG_WARN_QUOTED_INCLUDE_IN_FRAMEWORK_HEADER = YES;
				CLANG_WARN_RANGE_LOOP_ANALYSIS = YES;
				CLANG_WARN_STRICT_PROTOTYPES = YES;
				CLANG_WARN_SUSPICIOUS_MOVE = YES;
				CLANG_WARN_UNGUARDED_AVAILABILITY = YES_AGGRESSIVE;
				CLANG_WARN_UNREACHABLE_CODE = YES;
				CLANG_WARN__DUPLICATE_METHOD_MATCH = YES;
				COPY_PHASE_STRIP = NO;
				DEBUG_INFORMATION_FORMAT = "dwarf-with-dsym";
				ENABLE_NS_ASSERTIONS = NO;
				ENABLE_STRICT_OBJC_MSGSEND = YES;
				GCC_C_LANGUAGE_STANDARD = gnu11;
				GCC_NO_COMMON_BLOCKS = YES;
				GCC_WARN_64_TO_32_BIT_CONVERSION = YES;
				GCC_WARN_ABOUT_RETURN_TYPE = YES_ERROR;
				GCC_WARN_UNDECLARED_SELECTOR = YES;
				GCC_WARN_UNINITIALIZED_AUTOS = YES_AGGRESSIVE;
				GCC_WARN_UNUSED_FUNCTION = YES;
				GCC_WARN_UNUSED_VARIABLE = YES;
				IPHONEOS_DEPLOYMENT_TARGET = 14.3;
				MTL_ENABLE_DEBUG_INFO = NO;
				MTL_FAST_MATH = YES;
				SDKROOT = iphoneos;
				SWIFT_COMPILATION_MODE = wholemodule;
				SWIFT_OPTIMIZATION_LEVEL = "-O";
				VALIDATE_PRODUCT = YES;
			};
			name = Release;
		};
		C6AA134D25BB55CD00389B54 /* Debug */ = {
			isa = XCBuildConfiguration;
			buildSettings = {
				ASSETCATALOG_COMPILER_APPICON_NAME = AppIcon;
				ASSETCATALOG_COMPILER_GLOBAL_ACCENT_COLOR_NAME = AccentColor;
				CODE_SIGN_STYLE = Automatic;
				DEVELOPMENT_ASSET_PATHS = "\"Landmarks/Preview Content\"";
				DEVELOPMENT_TEAM = WZU6Z2T9L5;
				ENABLE_PREVIEWS = YES;
				INFOPLIST_FILE = Landmarks/Info.plist;
				IPHONEOS_DEPLOYMENT_TARGET = 14.0;
				LD_RUNPATH_SEARCH_PATHS = (
					"$(inherited)",
					"@executable_path/Frameworks",
				);
				PRODUCT_BUNDLE_IDENTIFIER = patrykstaniewski.Landmarks;
				PRODUCT_NAME = "$(TARGET_NAME)";
				SWIFT_VERSION = 5.0;
				TARGETED_DEVICE_FAMILY = "1,2";
			};
			name = Debug;
		};
		C6AA134E25BB55CD00389B54 /* Release */ = {
			isa = XCBuildConfiguration;
			buildSettings = {
				ASSETCATALOG_COMPILER_APPICON_NAME = AppIcon;
				ASSETCATALOG_COMPILER_GLOBAL_ACCENT_COLOR_NAME = AccentColor;
				CODE_SIGN_STYLE = Automatic;
				DEVELOPMENT_ASSET_PATHS = "\"Landmarks/Preview Content\"";
				DEVELOPMENT_TEAM = WZU6Z2T9L5;
				ENABLE_PREVIEWS = YES;
				INFOPLIST_FILE = Landmarks/Info.plist;
				IPHONEOS_DEPLOYMENT_TARGET = 14.0;
				LD_RUNPATH_SEARCH_PATHS = (
					"$(inherited)",
					"@executable_path/Frameworks",
				);
				PRODUCT_BUNDLE_IDENTIFIER = patrykstaniewski.Landmarks;
				PRODUCT_NAME = "$(TARGET_NAME)";
				SWIFT_VERSION = 5.0;
				TARGETED_DEVICE_FAMILY = "1,2";
			};
			name = Release;
		};
/* End XCBuildConfiguration section */

/* Begin XCConfigurationList section */
		C6AA133825BB55CC00389B54 /* Build configuration list for PBXProject "Landmarks" */ = {
			isa = XCConfigurationList;
			buildConfigurations = (
				C6AA134A25BB55CD00389B54 /* Debug */,
				C6AA134B25BB55CD00389B54 /* Release */,
			);
			defaultConfigurationIsVisible = 0;
			defaultConfigurationName = Release;
		};
		C6AA134C25BB55CD00389B54 /* Build configuration list for PBXNativeTarget "Landmarks" */ = {
			isa = XCConfigurationList;
			buildConfigurations = (
				C6AA134D25BB55CD00389B54 /* Debug */,
				C6AA134E25BB55CD00389B54 /* Release */,
			);
			defaultConfigurationIsVisible = 0;
			defaultConfigurationName = Release;
		};
/* End XCConfigurationList section */
	};
	rootObject = C6AA133525BB55CC00389B54 /* Project object */;
}
